
Microsoft Visual Studio Solution File, Format Version 12.00
# Visual Studio Version 17
VisualStudioVersion = 17.6.33829.357
MinimumVisualStudioVersion = 10.0.40219.1
Project("{FAE04EC0-301F-11D3-BF4B-00C04F79EFBC}") = "DistribuidoraBebidas", "DistribuidoraBebidas\DistribuidoraBebidas.csproj", "{E3D85967-B1A8-4B74-BB95-E3D3609DBBA9}"
EndProject
Project("{FAE04EC0-301F-11D3-BF4B-00C04F79EFBC}") = "ApiDistribuidora", "ApiDistribuidora\ApiDistribuidora.csproj", "{82E0B4B4-7694-41DF-94C4-BB4B5F5F0E9F}"
EndProject
Global
	GlobalSection(SolutionConfigurationPlatforms) = preSolution
		Debug|Any CPU = Debug|Any CPU
		Release|Any CPU = Release|Any CPU
	EndGlobalSection
	GlobalSection(ProjectConfigurationPlatforms) = postSolution
		{E3D85967-B1A8-4B74-BB95-E3D3609DBBA9}.Debug|Any CPU.ActiveCfg = Debug|Any CPU
		{E3D85967-B1A8-4B74-BB95-E3D3609DBBA9}.Debug|Any CPU.Build.0 = Debug|Any CPU
		{E3D85967-B1A8-4B74-BB95-E3D3609DBBA9}.Release|Any CPU.ActiveCfg = Release|Any CPU
		{E3D85967-B1A8-4B74-BB95-E3D3609DBBA9}.Release|Any CPU.Build.0 = Release|Any CPU
		{82E0B4B4-7694-41DF-94C4-BB4B5F5F0E9F}.Debug|Any CPU.ActiveCfg = Debug|Any CPU
		{82E0B4B4-7694-41DF-94C4-BB4B5F5F0E9F}.Debug|Any CPU.Build.0 = Debug|Any CPU
		{82E0B4B4-7694-41DF-94C4-BB4B5F5F0E9F}.Release|Any CPU.ActiveCfg = Release|Any CPU
		{82E0B4B4-7694-41DF-94C4-BB4B5F5F0E9F}.Release|Any CPU.Build.0 = Release|Any CPU
	EndGlobalSection
	GlobalSection(SolutionProperties) = preSolution
		HideSolutionNode = FALSE
	EndGlobalSection
	GlobalSection(ExtensibilityGlobals) = postSolution
		SolutionGuid = {FF3A9770-DDED-4C90-910B-E7CA26746390}
	EndGlobalSection
EndGlobal
